
Microsoft Visual Studio Solution File, Format Version 12.00
# Visual Studio Version 17
VisualStudioVersion = 17.11.35303.130
MinimumVisualStudioVersion = 10.0.40219.1
Project("{888888A0-9F3D-457C-B088-3A5042F75D52}") = "Advent2022Day18Part1", "Advent2022Day18Part1.pyproj", "{F0C11C1F-7C1B-4769-A070-5BD7F524737F}"
EndProject
Global
	GlobalSection(SolutionConfigurationPlatforms) = preSolution
		Debug|Any CPU = Debug|Any CPU
		Release|Any CPU = Release|Any CPU
	EndGlobalSection
	GlobalSection(ProjectConfigurationPlatforms) = postSolution
		{F0C11C1F-7C1B-4769-A070-5BD7F524737F}.Debug|Any CPU.ActiveCfg = Debug|Any CPU
		{F0C11C1F-7C1B-4769-A070-5BD7F524737F}.Release|Any CPU.ActiveCfg = Release|Any CPU
	EndGlobalSection
	GlobalSection(SolutionProperties) = preSolution
		HideSolutionNode = FALSE
	EndGlobalSection
	GlobalSection(ExtensibilityGlobals) = postSolution
		SolutionGuid = {EB8186AE-F2D4-4A02-A225-7D031F216989}
	EndGlobalSection
EndGlobal
