
Microsoft Visual Studio Solution File, Format Version 12.00
# Visual Studio Version 17
VisualStudioVersion = 17.11.35303.130
MinimumVisualStudioVersion = 10.0.40219.1
Project("{888888A0-9F3D-457C-B088-3A5042F75D52}") = "Advent2022Day25Part2", "Advent2022Day25Part2.pyproj", "{78A4EB3E-C0A1-455D-9EB8-80017E70E626}"
EndProject
Global
	GlobalSection(SolutionConfigurationPlatforms) = preSolution
		Debug|Any CPU = Debug|Any CPU
		Release|Any CPU = Release|Any CPU
	EndGlobalSection
	GlobalSection(ProjectConfigurationPlatforms) = postSolution
		{78A4EB3E-C0A1-455D-9EB8-80017E70E626}.Debug|Any CPU.ActiveCfg = Debug|Any CPU
		{78A4EB3E-C0A1-455D-9EB8-80017E70E626}.Release|Any CPU.ActiveCfg = Release|Any CPU
	EndGlobalSection
	GlobalSection(SolutionProperties) = preSolution
		HideSolutionNode = FALSE
	EndGlobalSection
	GlobalSection(ExtensibilityGlobals) = postSolution
		SolutionGuid = {4CC4D4A4-A29D-47DB-BBA9-B7999B42184C}
	EndGlobalSection
EndGlobal
