
Microsoft Visual Studio Solution File, Format Version 12.00
# Visual Studio Version 17
VisualStudioVersion = 17.11.35303.130
MinimumVisualStudioVersion = 10.0.40219.1
Project("{888888A0-9F3D-457C-B088-3A5042F75D52}") = "Advent2015Day22", "Advent2015Day22.pyproj", "{14212633-BB52-435C-8BF6-24EBC10C2B6C}"
EndProject
Global
	GlobalSection(SolutionConfigurationPlatforms) = preSolution
		Debug|Any CPU = Debug|Any CPU
		Release|Any CPU = Release|Any CPU
	EndGlobalSection
	GlobalSection(ProjectConfigurationPlatforms) = postSolution
		{14212633-BB52-435C-8BF6-24EBC10C2B6C}.Debug|Any CPU.ActiveCfg = Debug|Any CPU
		{14212633-BB52-435C-8BF6-24EBC10C2B6C}.Release|Any CPU.ActiveCfg = Release|Any CPU
	EndGlobalSection
	GlobalSection(SolutionProperties) = preSolution
		HideSolutionNode = FALSE
	EndGlobalSection
	GlobalSection(ExtensibilityGlobals) = postSolution
		SolutionGuid = {515F6134-B1A7-4278-BE5B-220AD28FEE85}
	EndGlobalSection
EndGlobal
