
Microsoft Visual Studio Solution File, Format Version 12.00
# Visual Studio Version 17
VisualStudioVersion = 17.11.35303.130
MinimumVisualStudioVersion = 10.0.40219.1
Project("{888888A0-9F3D-457C-B088-3A5042F75D52}") = "Advent2022Day17Part2", "Advent2022Day17Part2.pyproj", "{9EF98145-5FA1-43E5-A066-A2B5820A2BDD}"
EndProject
Global
	GlobalSection(SolutionConfigurationPlatforms) = preSolution
		Debug|Any CPU = Debug|Any CPU
		Release|Any CPU = Release|Any CPU
	EndGlobalSection
	GlobalSection(ProjectConfigurationPlatforms) = postSolution
		{9EF98145-5FA1-43E5-A066-A2B5820A2BDD}.Debug|Any CPU.ActiveCfg = Debug|Any CPU
		{9EF98145-5FA1-43E5-A066-A2B5820A2BDD}.Release|Any CPU.ActiveCfg = Release|Any CPU
	EndGlobalSection
	GlobalSection(SolutionProperties) = preSolution
		HideSolutionNode = FALSE
	EndGlobalSection
	GlobalSection(ExtensibilityGlobals) = postSolution
		SolutionGuid = {A8097F72-0A05-4BF8-867C-2663C1613D2A}
	EndGlobalSection
EndGlobal
