
Microsoft Visual Studio Solution File, Format Version 12.00
# Visual Studio Version 17
VisualStudioVersion = 17.11.35303.130
MinimumVisualStudioVersion = 10.0.40219.1
Project("{888888A0-9F3D-457C-B088-3A5042F75D52}") = "Advent2015FinalDay", "Advent2015FinalDay.pyproj", "{089F824B-A7A9-44B1-AEB5-149B76A9CD47}"
EndProject
Global
	GlobalSection(SolutionConfigurationPlatforms) = preSolution
		Debug|Any CPU = Debug|Any CPU
		Release|Any CPU = Release|Any CPU
	EndGlobalSection
	GlobalSection(ProjectConfigurationPlatforms) = postSolution
		{089F824B-A7A9-44B1-AEB5-149B76A9CD47}.Debug|Any CPU.ActiveCfg = Debug|Any CPU
		{089F824B-A7A9-44B1-AEB5-149B76A9CD47}.Release|Any CPU.ActiveCfg = Release|Any CPU
	EndGlobalSection
	GlobalSection(SolutionProperties) = preSolution
		HideSolutionNode = FALSE
	EndGlobalSection
	GlobalSection(ExtensibilityGlobals) = postSolution
		SolutionGuid = {A0E1BD12-6E08-469D-8081-B669112FDFBE}
	EndGlobalSection
EndGlobal
