
Microsoft Visual Studio Solution File, Format Version 12.00
# Visual Studio Version 17
VisualStudioVersion = 17.11.35303.130
MinimumVisualStudioVersion = 10.0.40219.1
Project("{888888A0-9F3D-457C-B088-3A5042F75D52}") = "Advent2018Day10", "Advent2018Day10.pyproj", "{600B3742-DE9D-42BC-807C-7451F45C4E78}"
EndProject
Global
	GlobalSection(SolutionConfigurationPlatforms) = preSolution
		Debug|Any CPU = Debug|Any CPU
		Release|Any CPU = Release|Any CPU
	EndGlobalSection
	GlobalSection(ProjectConfigurationPlatforms) = postSolution
		{600B3742-DE9D-42BC-807C-7451F45C4E78}.Debug|Any CPU.ActiveCfg = Debug|Any CPU
		{600B3742-DE9D-42BC-807C-7451F45C4E78}.Release|Any CPU.ActiveCfg = Release|Any CPU
	EndGlobalSection
	GlobalSection(SolutionProperties) = preSolution
		HideSolutionNode = FALSE
	EndGlobalSection
	GlobalSection(ExtensibilityGlobals) = postSolution
		SolutionGuid = {E1A22DFD-503C-453E-826C-4A15EF55B063}
	EndGlobalSection
EndGlobal
