
Microsoft Visual Studio Solution File, Format Version 12.00
# Visual Studio Version 17
VisualStudioVersion = 17.11.35303.130
MinimumVisualStudioVersion = 10.0.40219.1
Project("{888888A0-9F3D-457C-B088-3A5042F75D52}") = "Advent2017Day9", "Advent2017Day9.pyproj", "{74C1889B-5ED4-437C-BEA3-623234838339}"
EndProject
Global
	GlobalSection(SolutionConfigurationPlatforms) = preSolution
		Debug|Any CPU = Debug|Any CPU
		Release|Any CPU = Release|Any CPU
	EndGlobalSection
	GlobalSection(ProjectConfigurationPlatforms) = postSolution
		{74C1889B-5ED4-437C-BEA3-623234838339}.Debug|Any CPU.ActiveCfg = Debug|Any CPU
		{74C1889B-5ED4-437C-BEA3-623234838339}.Release|Any CPU.ActiveCfg = Release|Any CPU
	EndGlobalSection
	GlobalSection(SolutionProperties) = preSolution
		HideSolutionNode = FALSE
	EndGlobalSection
	GlobalSection(ExtensibilityGlobals) = postSolution
		SolutionGuid = {13C059F2-4AAA-4007-8272-6643CB39C6CD}
	EndGlobalSection
EndGlobal
