
Microsoft Visual Studio Solution File, Format Version 12.00
# Visual Studio Version 17
VisualStudioVersion = 17.11.35303.130
MinimumVisualStudioVersion = 10.0.40219.1
Project("{888888A0-9F3D-457C-B088-3A5042F75D52}") = "Advent2020Day22", "Advent2020Day22.pyproj", "{7E552EBB-C794-411B-AEBB-27451540E5D0}"
EndProject
Global
	GlobalSection(SolutionConfigurationPlatforms) = preSolution
		Debug|Any CPU = Debug|Any CPU
		Release|Any CPU = Release|Any CPU
	EndGlobalSection
	GlobalSection(ProjectConfigurationPlatforms) = postSolution
		{7E552EBB-C794-411B-AEBB-27451540E5D0}.Debug|Any CPU.ActiveCfg = Debug|Any CPU
		{7E552EBB-C794-411B-AEBB-27451540E5D0}.Release|Any CPU.ActiveCfg = Release|Any CPU
	EndGlobalSection
	GlobalSection(SolutionProperties) = preSolution
		HideSolutionNode = FALSE
	EndGlobalSection
	GlobalSection(ExtensibilityGlobals) = postSolution
		SolutionGuid = {1AF3734D-1A6B-461B-8597-95BD69FB21F2}
	EndGlobalSection
EndGlobal
