
Microsoft Visual Studio Solution File, Format Version 12.00
# Visual Studio Version 17
VisualStudioVersion = 17.11.35303.130
MinimumVisualStudioVersion = 10.0.40219.1
Project("{888888A0-9F3D-457C-B088-3A5042F75D52}") = "Advent2016Day2", "Advent2016Day2.pyproj", "{7A5C3A1F-3A86-476F-BE96-5CC50273B2AB}"
EndProject
Global
	GlobalSection(SolutionConfigurationPlatforms) = preSolution
		Debug|Any CPU = Debug|Any CPU
		Release|Any CPU = Release|Any CPU
	EndGlobalSection
	GlobalSection(ProjectConfigurationPlatforms) = postSolution
		{7A5C3A1F-3A86-476F-BE96-5CC50273B2AB}.Debug|Any CPU.ActiveCfg = Debug|Any CPU
		{7A5C3A1F-3A86-476F-BE96-5CC50273B2AB}.Release|Any CPU.ActiveCfg = Release|Any CPU
	EndGlobalSection
	GlobalSection(SolutionProperties) = preSolution
		HideSolutionNode = FALSE
	EndGlobalSection
	GlobalSection(ExtensibilityGlobals) = postSolution
		SolutionGuid = {5532E2FD-BB81-426C-8FED-BD553A533749}
	EndGlobalSection
EndGlobal
