
Microsoft Visual Studio Solution File, Format Version 12.00
# Visual Studio Version 17
VisualStudioVersion = 17.11.35303.130
MinimumVisualStudioVersion = 10.0.40219.1
Project("{888888A0-9F3D-457C-B088-3A5042F75D52}") = "Advent2021Day12Part1", "Advent2021Day12Part1.pyproj", "{18FFCA4C-F55B-4B0D-8E99-1C3864CE8681}"
EndProject
Global
	GlobalSection(SolutionConfigurationPlatforms) = preSolution
		Debug|Any CPU = Debug|Any CPU
		Release|Any CPU = Release|Any CPU
	EndGlobalSection
	GlobalSection(ProjectConfigurationPlatforms) = postSolution
		{18FFCA4C-F55B-4B0D-8E99-1C3864CE8681}.Debug|Any CPU.ActiveCfg = Debug|Any CPU
		{18FFCA4C-F55B-4B0D-8E99-1C3864CE8681}.Release|Any CPU.ActiveCfg = Release|Any CPU
	EndGlobalSection
	GlobalSection(SolutionProperties) = preSolution
		HideSolutionNode = FALSE
	EndGlobalSection
	GlobalSection(ExtensibilityGlobals) = postSolution
		SolutionGuid = {33ED6061-3E4E-48CA-A87E-AE0610DE396B}
	EndGlobalSection
EndGlobal
