
Microsoft Visual Studio Solution File, Format Version 12.00
# Visual Studio Version 17
VisualStudioVersion = 17.11.35303.130
MinimumVisualStudioVersion = 10.0.40219.1
Project("{888888A0-9F3D-457C-B088-3A5042F75D52}") = "Advent2021Day7Part2", "Advent2021Day7Part2.pyproj", "{5D213B31-B762-4D5A-8BC6-D0EFCC917AC0}"
EndProject
Global
	GlobalSection(SolutionConfigurationPlatforms) = preSolution
		Debug|Any CPU = Debug|Any CPU
		Release|Any CPU = Release|Any CPU
	EndGlobalSection
	GlobalSection(ProjectConfigurationPlatforms) = postSolution
		{5D213B31-B762-4D5A-8BC6-D0EFCC917AC0}.Debug|Any CPU.ActiveCfg = Debug|Any CPU
		{5D213B31-B762-4D5A-8BC6-D0EFCC917AC0}.Release|Any CPU.ActiveCfg = Release|Any CPU
	EndGlobalSection
	GlobalSection(SolutionProperties) = preSolution
		HideSolutionNode = FALSE
	EndGlobalSection
	GlobalSection(ExtensibilityGlobals) = postSolution
		SolutionGuid = {068E149A-FB51-4FB2-8862-5662537B53C7}
	EndGlobalSection
EndGlobal
