
Microsoft Visual Studio Solution File, Format Version 12.00
# Visual Studio Version 17
VisualStudioVersion = 17.11.35303.130
MinimumVisualStudioVersion = 10.0.40219.1
Project("{888888A0-9F3D-457C-B088-3A5042F75D52}") = "Advent2016Day20", "Advent2016Day20.pyproj", "{3BCA6B15-C8C3-4ACE-8CF7-D7A9D7EC7FF2}"
EndProject
Global
	GlobalSection(SolutionConfigurationPlatforms) = preSolution
		Debug|Any CPU = Debug|Any CPU
		Release|Any CPU = Release|Any CPU
	EndGlobalSection
	GlobalSection(ProjectConfigurationPlatforms) = postSolution
		{3BCA6B15-C8C3-4ACE-8CF7-D7A9D7EC7FF2}.Debug|Any CPU.ActiveCfg = Debug|Any CPU
		{3BCA6B15-C8C3-4ACE-8CF7-D7A9D7EC7FF2}.Release|Any CPU.ActiveCfg = Release|Any CPU
	EndGlobalSection
	GlobalSection(SolutionProperties) = preSolution
		HideSolutionNode = FALSE
	EndGlobalSection
	GlobalSection(ExtensibilityGlobals) = postSolution
		SolutionGuid = {8448974B-80AA-4549-A0F1-88E9784B1C10}
	EndGlobalSection
EndGlobal
