
Microsoft Visual Studio Solution File, Format Version 12.00
# Visual Studio Version 17
VisualStudioVersion = 17.11.35303.130
MinimumVisualStudioVersion = 10.0.40219.1
Project("{888888A0-9F3D-457C-B088-3A5042F75D52}") = "Advent2022Day6Part1", "Advent2022Day6Part1.pyproj", "{21F60E1E-A195-48C8-AD73-29BF069FAC46}"
EndProject
Global
	GlobalSection(SolutionConfigurationPlatforms) = preSolution
		Debug|Any CPU = Debug|Any CPU
		Release|Any CPU = Release|Any CPU
	EndGlobalSection
	GlobalSection(ProjectConfigurationPlatforms) = postSolution
		{21F60E1E-A195-48C8-AD73-29BF069FAC46}.Debug|Any CPU.ActiveCfg = Debug|Any CPU
		{21F60E1E-A195-48C8-AD73-29BF069FAC46}.Release|Any CPU.ActiveCfg = Release|Any CPU
	EndGlobalSection
	GlobalSection(SolutionProperties) = preSolution
		HideSolutionNode = FALSE
	EndGlobalSection
	GlobalSection(ExtensibilityGlobals) = postSolution
		SolutionGuid = {A765D8F1-12FC-4881-ADB5-E72F3D7521BF}
	EndGlobalSection
EndGlobal
