
Microsoft Visual Studio Solution File, Format Version 12.00
# Visual Studio Version 17
VisualStudioVersion = 17.11.35303.130
MinimumVisualStudioVersion = 10.0.40219.1
Project("{888888A0-9F3D-457C-B088-3A5042F75D52}") = "Advent2020Day23", "Advent2020Day23.pyproj", "{C680918C-CD8E-49AB-BE36-85F4025FE21C}"
EndProject
Global
	GlobalSection(SolutionConfigurationPlatforms) = preSolution
		Debug|Any CPU = Debug|Any CPU
		Release|Any CPU = Release|Any CPU
	EndGlobalSection
	GlobalSection(ProjectConfigurationPlatforms) = postSolution
		{C680918C-CD8E-49AB-BE36-85F4025FE21C}.Debug|Any CPU.ActiveCfg = Debug|Any CPU
		{C680918C-CD8E-49AB-BE36-85F4025FE21C}.Release|Any CPU.ActiveCfg = Release|Any CPU
	EndGlobalSection
	GlobalSection(SolutionProperties) = preSolution
		HideSolutionNode = FALSE
	EndGlobalSection
	GlobalSection(ExtensibilityGlobals) = postSolution
		SolutionGuid = {3E4A8D47-650F-4EC9-97CD-02499A008EBC}
	EndGlobalSection
EndGlobal
