
Microsoft Visual Studio Solution File, Format Version 12.00
# Visual Studio Version 17
VisualStudioVersion = 17.11.35303.130
MinimumVisualStudioVersion = 10.0.40219.1
Project("{888888A0-9F3D-457C-B088-3A5042F75D52}") = "Advent2016Day11", "Advent2016Day11.pyproj", "{A1C61DDF-BF1C-4E9F-9600-03193C1012CB}"
EndProject
Global
	GlobalSection(SolutionConfigurationPlatforms) = preSolution
		Debug|Any CPU = Debug|Any CPU
		Release|Any CPU = Release|Any CPU
	EndGlobalSection
	GlobalSection(ProjectConfigurationPlatforms) = postSolution
		{A1C61DDF-BF1C-4E9F-9600-03193C1012CB}.Debug|Any CPU.ActiveCfg = Debug|Any CPU
		{A1C61DDF-BF1C-4E9F-9600-03193C1012CB}.Release|Any CPU.ActiveCfg = Release|Any CPU
	EndGlobalSection
	GlobalSection(SolutionProperties) = preSolution
		HideSolutionNode = FALSE
	EndGlobalSection
	GlobalSection(ExtensibilityGlobals) = postSolution
		SolutionGuid = {7003566B-D098-4C47-A9CA-5235A7ABEA62}
	EndGlobalSection
EndGlobal
