
Microsoft Visual Studio Solution File, Format Version 12.00
# Visual Studio Version 17
VisualStudioVersion = 17.11.35303.130
MinimumVisualStudioVersion = 10.0.40219.1
Project("{888888A0-9F3D-457C-B088-3A5042F75D52}") = "Advent2017Day23", "Advent2017Day23.pyproj", "{9C76EBEF-B9A8-4F56-828E-034D01E076FE}"
EndProject
Global
	GlobalSection(SolutionConfigurationPlatforms) = preSolution
		Debug|Any CPU = Debug|Any CPU
		Release|Any CPU = Release|Any CPU
	EndGlobalSection
	GlobalSection(ProjectConfigurationPlatforms) = postSolution
		{9C76EBEF-B9A8-4F56-828E-034D01E076FE}.Debug|Any CPU.ActiveCfg = Debug|Any CPU
		{9C76EBEF-B9A8-4F56-828E-034D01E076FE}.Release|Any CPU.ActiveCfg = Release|Any CPU
	EndGlobalSection
	GlobalSection(SolutionProperties) = preSolution
		HideSolutionNode = FALSE
	EndGlobalSection
	GlobalSection(ExtensibilityGlobals) = postSolution
		SolutionGuid = {ED8F367C-C735-4587-813C-126EC47EC2F3}
	EndGlobalSection
EndGlobal
