
Microsoft Visual Studio Solution File, Format Version 12.00
# Visual Studio Version 17
VisualStudioVersion = 17.11.35303.130
MinimumVisualStudioVersion = 10.0.40219.1
Project("{888888A0-9F3D-457C-B088-3A5042F75D52}") = "Advent2020Day15", "Advent2020Day15.pyproj", "{23ED6596-52E6-4898-B024-8B54F2F75E97}"
EndProject
Global
	GlobalSection(SolutionConfigurationPlatforms) = preSolution
		Debug|Any CPU = Debug|Any CPU
		Release|Any CPU = Release|Any CPU
	EndGlobalSection
	GlobalSection(ProjectConfigurationPlatforms) = postSolution
		{23ED6596-52E6-4898-B024-8B54F2F75E97}.Debug|Any CPU.ActiveCfg = Debug|Any CPU
		{23ED6596-52E6-4898-B024-8B54F2F75E97}.Release|Any CPU.ActiveCfg = Release|Any CPU
	EndGlobalSection
	GlobalSection(SolutionProperties) = preSolution
		HideSolutionNode = FALSE
	EndGlobalSection
	GlobalSection(ExtensibilityGlobals) = postSolution
		SolutionGuid = {3D146C0C-B828-4AB5-8C66-F914FA06DDC7}
	EndGlobalSection
EndGlobal
