
Microsoft Visual Studio Solution File, Format Version 12.00
# Visual Studio Version 17
VisualStudioVersion = 17.11.35303.130
MinimumVisualStudioVersion = 10.0.40219.1
Project("{888888A0-9F3D-457C-B088-3A5042F75D52}") = "Advent2018Day14Part2", "Advent2018Day14Part2.pyproj", "{D281DC28-E871-4F9B-B9E2-E43370E1D9A4}"
EndProject
Global
	GlobalSection(SolutionConfigurationPlatforms) = preSolution
		Debug|Any CPU = Debug|Any CPU
		Release|Any CPU = Release|Any CPU
	EndGlobalSection
	GlobalSection(ProjectConfigurationPlatforms) = postSolution
		{D281DC28-E871-4F9B-B9E2-E43370E1D9A4}.Debug|Any CPU.ActiveCfg = Debug|Any CPU
		{D281DC28-E871-4F9B-B9E2-E43370E1D9A4}.Release|Any CPU.ActiveCfg = Release|Any CPU
	EndGlobalSection
	GlobalSection(SolutionProperties) = preSolution
		HideSolutionNode = FALSE
	EndGlobalSection
	GlobalSection(ExtensibilityGlobals) = postSolution
		SolutionGuid = {D79A6543-CB5D-4C46-BF9E-98043CA856F7}
	EndGlobalSection
EndGlobal
