
Microsoft Visual Studio Solution File, Format Version 12.00
# Visual Studio Version 17
VisualStudioVersion = 17.14.36414.22 d17.14
MinimumVisualStudioVersion = 10.0.40219.1
Project("{888888A0-9F3D-457C-B088-3A5042F75D52}") = "Advent2025Day2", "Advent2025Day2.pyproj", "{5C044F4C-E799-4DFF-B4C2-0BE2CE9514F6}"
EndProject
Global
	GlobalSection(SolutionConfigurationPlatforms) = preSolution
		Debug|Any CPU = Debug|Any CPU
		Release|Any CPU = Release|Any CPU
	EndGlobalSection
	GlobalSection(ProjectConfigurationPlatforms) = postSolution
		{5C044F4C-E799-4DFF-B4C2-0BE2CE9514F6}.Debug|Any CPU.ActiveCfg = Debug|Any CPU
		{5C044F4C-E799-4DFF-B4C2-0BE2CE9514F6}.Release|Any CPU.ActiveCfg = Release|Any CPU
	EndGlobalSection
	GlobalSection(SolutionProperties) = preSolution
		HideSolutionNode = FALSE
	EndGlobalSection
	GlobalSection(ExtensibilityGlobals) = postSolution
		SolutionGuid = {72A92636-E486-4450-B109-83F25C4B27EF}
	EndGlobalSection
EndGlobal
