
Microsoft Visual Studio Solution File, Format Version 12.00
# Visual Studio Version 17
VisualStudioVersion = 17.11.35303.130
MinimumVisualStudioVersion = 10.0.40219.1
Project("{888888A0-9F3D-457C-B088-3A5042F75D52}") = "Advent2022Day7Part2", "Advent2022Day7Part2.pyproj", "{F58F8CCF-FF13-4333-8667-1859C93B2A1F}"
EndProject
Global
	GlobalSection(SolutionConfigurationPlatforms) = preSolution
		Debug|Any CPU = Debug|Any CPU
		Release|Any CPU = Release|Any CPU
	EndGlobalSection
	GlobalSection(ProjectConfigurationPlatforms) = postSolution
		{F58F8CCF-FF13-4333-8667-1859C93B2A1F}.Debug|Any CPU.ActiveCfg = Debug|Any CPU
		{F58F8CCF-FF13-4333-8667-1859C93B2A1F}.Release|Any CPU.ActiveCfg = Release|Any CPU
	EndGlobalSection
	GlobalSection(SolutionProperties) = preSolution
		HideSolutionNode = FALSE
	EndGlobalSection
	GlobalSection(ExtensibilityGlobals) = postSolution
		SolutionGuid = {2D924409-2A11-461A-8A55-A0D46FECBE20}
	EndGlobalSection
EndGlobal
