
Microsoft Visual Studio Solution File, Format Version 12.00
# Visual Studio Version 17
VisualStudioVersion = 17.11.35303.130
MinimumVisualStudioVersion = 10.0.40219.1
Project("{888888A0-9F3D-457C-B088-3A5042F75D52}") = "Advent2015Day1", "Advent2015Day1.pyproj", "{3AD18D1C-1EBB-4F56-9CB8-CE112E4DFB81}"
EndProject
Global
	GlobalSection(SolutionConfigurationPlatforms) = preSolution
		Debug|Any CPU = Debug|Any CPU
		Release|Any CPU = Release|Any CPU
	EndGlobalSection
	GlobalSection(ProjectConfigurationPlatforms) = postSolution
		{3AD18D1C-1EBB-4F56-9CB8-CE112E4DFB81}.Debug|Any CPU.ActiveCfg = Debug|Any CPU
		{3AD18D1C-1EBB-4F56-9CB8-CE112E4DFB81}.Release|Any CPU.ActiveCfg = Release|Any CPU
	EndGlobalSection
	GlobalSection(SolutionProperties) = preSolution
		HideSolutionNode = FALSE
	EndGlobalSection
	GlobalSection(ExtensibilityGlobals) = postSolution
		SolutionGuid = {62F232C8-D0E2-448C-B029-6CE1027F5A50}
	EndGlobalSection
EndGlobal
