
Microsoft Visual Studio Solution File, Format Version 12.00
# Visual Studio Version 17
VisualStudioVersion = 17.11.35303.130
MinimumVisualStudioVersion = 10.0.40219.1
Project("{888888A0-9F3D-457C-B088-3A5042F75D52}") = "Advent2021Day18Part1", "Advent2021Day18Part1.pyproj", "{32D56A80-421F-4FD0-A56A-981438679964}"
EndProject
Global
	GlobalSection(SolutionConfigurationPlatforms) = preSolution
		Debug|Any CPU = Debug|Any CPU
		Release|Any CPU = Release|Any CPU
	EndGlobalSection
	GlobalSection(ProjectConfigurationPlatforms) = postSolution
		{32D56A80-421F-4FD0-A56A-981438679964}.Debug|Any CPU.ActiveCfg = Debug|Any CPU
		{32D56A80-421F-4FD0-A56A-981438679964}.Release|Any CPU.ActiveCfg = Release|Any CPU
	EndGlobalSection
	GlobalSection(SolutionProperties) = preSolution
		HideSolutionNode = FALSE
	EndGlobalSection
	GlobalSection(ExtensibilityGlobals) = postSolution
		SolutionGuid = {D9E95751-3900-4446-BAC1-6CEB90DD5751}
	EndGlobalSection
EndGlobal
