
Microsoft Visual Studio Solution File, Format Version 12.00
# Visual Studio Version 17
VisualStudioVersion = 17.11.35303.130
MinimumVisualStudioVersion = 10.0.40219.1
Project("{888888A0-9F3D-457C-B088-3A5042F75D52}") = "Advent2017Day1", "Advent2017Day1.pyproj", "{F627E48F-861C-4694-83F1-1E0DE6557DEE}"
EndProject
Global
	GlobalSection(SolutionConfigurationPlatforms) = preSolution
		Debug|Any CPU = Debug|Any CPU
		Release|Any CPU = Release|Any CPU
	EndGlobalSection
	GlobalSection(ProjectConfigurationPlatforms) = postSolution
		{F627E48F-861C-4694-83F1-1E0DE6557DEE}.Debug|Any CPU.ActiveCfg = Debug|Any CPU
		{F627E48F-861C-4694-83F1-1E0DE6557DEE}.Release|Any CPU.ActiveCfg = Release|Any CPU
	EndGlobalSection
	GlobalSection(SolutionProperties) = preSolution
		HideSolutionNode = FALSE
	EndGlobalSection
	GlobalSection(ExtensibilityGlobals) = postSolution
		SolutionGuid = {FC30EF31-B42A-425D-9650-CFDC29F4B82F}
	EndGlobalSection
EndGlobal
