
Microsoft Visual Studio Solution File, Format Version 12.00
# Visual Studio Version 17
VisualStudioVersion = 17.11.35303.130
MinimumVisualStudioVersion = 10.0.40219.1
Project("{888888A0-9F3D-457C-B088-3A5042F75D52}") = "Advent2022Day10Part1", "Advent2022Day10Part1.pyproj", "{33A013D5-4270-46BF-B878-8DF7BAC4DC78}"
EndProject
Global
	GlobalSection(SolutionConfigurationPlatforms) = preSolution
		Debug|Any CPU = Debug|Any CPU
		Release|Any CPU = Release|Any CPU
	EndGlobalSection
	GlobalSection(ProjectConfigurationPlatforms) = postSolution
		{33A013D5-4270-46BF-B878-8DF7BAC4DC78}.Debug|Any CPU.ActiveCfg = Debug|Any CPU
		{33A013D5-4270-46BF-B878-8DF7BAC4DC78}.Release|Any CPU.ActiveCfg = Release|Any CPU
	EndGlobalSection
	GlobalSection(SolutionProperties) = preSolution
		HideSolutionNode = FALSE
	EndGlobalSection
	GlobalSection(ExtensibilityGlobals) = postSolution
		SolutionGuid = {F56F98A0-DFF2-4B57-AAF0-CAD537FDA21A}
	EndGlobalSection
EndGlobal
