
Microsoft Visual Studio Solution File, Format Version 12.00
# Visual Studio Version 17
VisualStudioVersion = 17.11.35303.130
MinimumVisualStudioVersion = 10.0.40219.1
Project("{888888A0-9F3D-457C-B088-3A5042F75D52}") = "Advent2016Day17", "Advent2016Day17.pyproj", "{305FCAFF-9228-44E5-8C21-76F4F3C88EEC}"
EndProject
Global
	GlobalSection(SolutionConfigurationPlatforms) = preSolution
		Debug|Any CPU = Debug|Any CPU
		Release|Any CPU = Release|Any CPU
	EndGlobalSection
	GlobalSection(ProjectConfigurationPlatforms) = postSolution
		{305FCAFF-9228-44E5-8C21-76F4F3C88EEC}.Debug|Any CPU.ActiveCfg = Debug|Any CPU
		{305FCAFF-9228-44E5-8C21-76F4F3C88EEC}.Release|Any CPU.ActiveCfg = Release|Any CPU
	EndGlobalSection
	GlobalSection(SolutionProperties) = preSolution
		HideSolutionNode = FALSE
	EndGlobalSection
	GlobalSection(ExtensibilityGlobals) = postSolution
		SolutionGuid = {239D1756-0201-4DDA-83CD-84B4EBD478E4}
	EndGlobalSection
EndGlobal
