
Microsoft Visual Studio Solution File, Format Version 12.00
# Visual Studio Version 17
VisualStudioVersion = 17.11.35303.130
MinimumVisualStudioVersion = 10.0.40219.1
Project("{888888A0-9F3D-457C-B088-3A5042F75D52}") = "Advent2017Day11", "Advent2017Day11.pyproj", "{8FED5A69-9D06-45FD-86E6-838B790E84E6}"
EndProject
Global
	GlobalSection(SolutionConfigurationPlatforms) = preSolution
		Debug|Any CPU = Debug|Any CPU
		Release|Any CPU = Release|Any CPU
	EndGlobalSection
	GlobalSection(ProjectConfigurationPlatforms) = postSolution
		{8FED5A69-9D06-45FD-86E6-838B790E84E6}.Debug|Any CPU.ActiveCfg = Debug|Any CPU
		{8FED5A69-9D06-45FD-86E6-838B790E84E6}.Release|Any CPU.ActiveCfg = Release|Any CPU
	EndGlobalSection
	GlobalSection(SolutionProperties) = preSolution
		HideSolutionNode = FALSE
	EndGlobalSection
	GlobalSection(ExtensibilityGlobals) = postSolution
		SolutionGuid = {97088B54-BBD1-45BA-8ECF-E41512554590}
	EndGlobalSection
EndGlobal
