
Microsoft Visual Studio Solution File, Format Version 12.00
# Visual Studio Version 17
VisualStudioVersion = 17.11.35303.130
MinimumVisualStudioVersion = 10.0.40219.1
Project("{888888A0-9F3D-457C-B088-3A5042F75D52}") = "Advent2022Day16Part1", "Advent2022Day16Part1.pyproj", "{AAA47A86-B6A9-47BA-A1FD-243713254A07}"
EndProject
Global
	GlobalSection(SolutionConfigurationPlatforms) = preSolution
		Debug|Any CPU = Debug|Any CPU
		Release|Any CPU = Release|Any CPU
	EndGlobalSection
	GlobalSection(ProjectConfigurationPlatforms) = postSolution
		{AAA47A86-B6A9-47BA-A1FD-243713254A07}.Debug|Any CPU.ActiveCfg = Debug|Any CPU
		{AAA47A86-B6A9-47BA-A1FD-243713254A07}.Release|Any CPU.ActiveCfg = Release|Any CPU
	EndGlobalSection
	GlobalSection(SolutionProperties) = preSolution
		HideSolutionNode = FALSE
	EndGlobalSection
	GlobalSection(ExtensibilityGlobals) = postSolution
		SolutionGuid = {FF23A46A-84C9-4283-BD75-3487F446A975}
	EndGlobalSection
EndGlobal
