
Microsoft Visual Studio Solution File, Format Version 12.00
# Visual Studio Version 17
VisualStudioVersion = 17.11.35303.130
MinimumVisualStudioVersion = 10.0.40219.1
Project("{888888A0-9F3D-457C-B088-3A5042F75D52}") = "Advent2016Day6", "Advent2016Day6.pyproj", "{DB9D20F7-1BF3-4879-B0FE-6EE06E1E00CF}"
EndProject
Global
	GlobalSection(SolutionConfigurationPlatforms) = preSolution
		Debug|Any CPU = Debug|Any CPU
		Release|Any CPU = Release|Any CPU
	EndGlobalSection
	GlobalSection(ProjectConfigurationPlatforms) = postSolution
		{DB9D20F7-1BF3-4879-B0FE-6EE06E1E00CF}.Debug|Any CPU.ActiveCfg = Debug|Any CPU
		{DB9D20F7-1BF3-4879-B0FE-6EE06E1E00CF}.Release|Any CPU.ActiveCfg = Release|Any CPU
	EndGlobalSection
	GlobalSection(SolutionProperties) = preSolution
		HideSolutionNode = FALSE
	EndGlobalSection
	GlobalSection(ExtensibilityGlobals) = postSolution
		SolutionGuid = {8C86CD93-AABA-4E83-96CE-F34954F05D39}
	EndGlobalSection
EndGlobal
