
Microsoft Visual Studio Solution File, Format Version 12.00
# Visual Studio Version 17
VisualStudioVersion = 17.11.35303.130
MinimumVisualStudioVersion = 10.0.40219.1
Project("{888888A0-9F3D-457C-B088-3A5042F75D52}") = "Advent2021Day22Part2", "Advent2021Day22Part2.pyproj", "{7FB02466-133C-46AC-8DD7-978044FC10AE}"
EndProject
Global
	GlobalSection(SolutionConfigurationPlatforms) = preSolution
		Debug|Any CPU = Debug|Any CPU
		Release|Any CPU = Release|Any CPU
	EndGlobalSection
	GlobalSection(ProjectConfigurationPlatforms) = postSolution
		{7FB02466-133C-46AC-8DD7-978044FC10AE}.Debug|Any CPU.ActiveCfg = Debug|Any CPU
		{7FB02466-133C-46AC-8DD7-978044FC10AE}.Release|Any CPU.ActiveCfg = Release|Any CPU
	EndGlobalSection
	GlobalSection(SolutionProperties) = preSolution
		HideSolutionNode = FALSE
	EndGlobalSection
	GlobalSection(ExtensibilityGlobals) = postSolution
		SolutionGuid = {46ABD9DC-061C-44BE-A59F-235070BC2FE1}
	EndGlobalSection
EndGlobal
