
Microsoft Visual Studio Solution File, Format Version 12.00
# Visual Studio Version 17
VisualStudioVersion = 17.11.35303.130
MinimumVisualStudioVersion = 10.0.40219.1
Project("{888888A0-9F3D-457C-B088-3A5042F75D52}") = "Advent2020Day5", "Advent2020Day5.pyproj", "{8C837FD6-EDC1-4320-9727-0B11EEB0BD25}"
EndProject
Global
	GlobalSection(SolutionConfigurationPlatforms) = preSolution
		Debug|Any CPU = Debug|Any CPU
		Release|Any CPU = Release|Any CPU
	EndGlobalSection
	GlobalSection(ProjectConfigurationPlatforms) = postSolution
		{8C837FD6-EDC1-4320-9727-0B11EEB0BD25}.Debug|Any CPU.ActiveCfg = Debug|Any CPU
		{8C837FD6-EDC1-4320-9727-0B11EEB0BD25}.Release|Any CPU.ActiveCfg = Release|Any CPU
	EndGlobalSection
	GlobalSection(SolutionProperties) = preSolution
		HideSolutionNode = FALSE
	EndGlobalSection
	GlobalSection(ExtensibilityGlobals) = postSolution
		SolutionGuid = {D7EDA423-BFE2-4E08-BF2A-D66553DDECE3}
	EndGlobalSection
EndGlobal
