
Microsoft Visual Studio Solution File, Format Version 12.00
# Visual Studio Version 17
VisualStudioVersion = 17.11.35303.130
MinimumVisualStudioVersion = 10.0.40219.1
Project("{888888A0-9F3D-457C-B088-3A5042F75D52}") = "Advent2021Day4Part1", "Advent2021Day4Part1.pyproj", "{9349ECEA-7365-48A1-8487-7BED7E1B0A1B}"
EndProject
Global
	GlobalSection(SolutionConfigurationPlatforms) = preSolution
		Debug|Any CPU = Debug|Any CPU
		Release|Any CPU = Release|Any CPU
	EndGlobalSection
	GlobalSection(ProjectConfigurationPlatforms) = postSolution
		{9349ECEA-7365-48A1-8487-7BED7E1B0A1B}.Debug|Any CPU.ActiveCfg = Debug|Any CPU
		{9349ECEA-7365-48A1-8487-7BED7E1B0A1B}.Release|Any CPU.ActiveCfg = Release|Any CPU
	EndGlobalSection
	GlobalSection(SolutionProperties) = preSolution
		HideSolutionNode = FALSE
	EndGlobalSection
	GlobalSection(ExtensibilityGlobals) = postSolution
		SolutionGuid = {C876E160-2A7E-46E3-ADC5-39AED7ECA0B9}
	EndGlobalSection
EndGlobal
