
Microsoft Visual Studio Solution File, Format Version 12.00
# Visual Studio Version 17
VisualStudioVersion = 17.11.35303.130
MinimumVisualStudioVersion = 10.0.40219.1
Project("{888888A0-9F3D-457C-B088-3A5042F75D52}") = "Advent2021Day8Part2", "Advent2021Day8Part2.pyproj", "{11A9A0BC-9AAD-4BC4-833C-18FFF8D48B56}"
EndProject
Global
	GlobalSection(SolutionConfigurationPlatforms) = preSolution
		Debug|Any CPU = Debug|Any CPU
		Release|Any CPU = Release|Any CPU
	EndGlobalSection
	GlobalSection(ProjectConfigurationPlatforms) = postSolution
		{11A9A0BC-9AAD-4BC4-833C-18FFF8D48B56}.Debug|Any CPU.ActiveCfg = Debug|Any CPU
		{11A9A0BC-9AAD-4BC4-833C-18FFF8D48B56}.Release|Any CPU.ActiveCfg = Release|Any CPU
	EndGlobalSection
	GlobalSection(SolutionProperties) = preSolution
		HideSolutionNode = FALSE
	EndGlobalSection
	GlobalSection(ExtensibilityGlobals) = postSolution
		SolutionGuid = {6AECE323-12C8-49B0-8ABB-F7847774641F}
	EndGlobalSection
EndGlobal
