
Microsoft Visual Studio Solution File, Format Version 12.00
# Visual Studio Version 17
VisualStudioVersion = 17.11.35303.130
MinimumVisualStudioVersion = 10.0.40219.1
Project("{888888A0-9F3D-457C-B088-3A5042F75D52}") = "Advent2017Day20", "Advent2017Day20.pyproj", "{C373999D-BF40-42DB-AEFE-FF230DE0FFF7}"
EndProject
Global
	GlobalSection(SolutionConfigurationPlatforms) = preSolution
		Debug|Any CPU = Debug|Any CPU
		Release|Any CPU = Release|Any CPU
	EndGlobalSection
	GlobalSection(ProjectConfigurationPlatforms) = postSolution
		{C373999D-BF40-42DB-AEFE-FF230DE0FFF7}.Debug|Any CPU.ActiveCfg = Debug|Any CPU
		{C373999D-BF40-42DB-AEFE-FF230DE0FFF7}.Release|Any CPU.ActiveCfg = Release|Any CPU
	EndGlobalSection
	GlobalSection(SolutionProperties) = preSolution
		HideSolutionNode = FALSE
	EndGlobalSection
	GlobalSection(ExtensibilityGlobals) = postSolution
		SolutionGuid = {B865A236-81F4-478C-AC01-B128D6A82F63}
	EndGlobalSection
EndGlobal
