
Microsoft Visual Studio Solution File, Format Version 12.00
# Visual Studio Version 17
VisualStudioVersion = 17.11.35303.130
MinimumVisualStudioVersion = 10.0.40219.1
Project("{888888A0-9F3D-457C-B088-3A5042F75D52}") = "Advent2021Day4Part2", "Advent2021Day4Part2.pyproj", "{5CC32140-A156-4157-AE95-6AAA422060DB}"
EndProject
Global
	GlobalSection(SolutionConfigurationPlatforms) = preSolution
		Debug|Any CPU = Debug|Any CPU
		Release|Any CPU = Release|Any CPU
	EndGlobalSection
	GlobalSection(ProjectConfigurationPlatforms) = postSolution
		{5CC32140-A156-4157-AE95-6AAA422060DB}.Debug|Any CPU.ActiveCfg = Debug|Any CPU
		{5CC32140-A156-4157-AE95-6AAA422060DB}.Release|Any CPU.ActiveCfg = Release|Any CPU
	EndGlobalSection
	GlobalSection(SolutionProperties) = preSolution
		HideSolutionNode = FALSE
	EndGlobalSection
	GlobalSection(ExtensibilityGlobals) = postSolution
		SolutionGuid = {FE923139-2FB9-4F76-8044-BB320D7A2029}
	EndGlobalSection
EndGlobal
