
Microsoft Visual Studio Solution File, Format Version 12.00
# Visual Studio Version 17
VisualStudioVersion = 17.11.35303.130
MinimumVisualStudioVersion = 10.0.40219.1
Project("{888888A0-9F3D-457C-B088-3A5042F75D52}") = "Advent2018Day11", "Advent2018Day11.pyproj", "{31CADFF9-61CF-4D29-B565-B0408FAA696D}"
EndProject
Global
	GlobalSection(SolutionConfigurationPlatforms) = preSolution
		Debug|Any CPU = Debug|Any CPU
		Release|Any CPU = Release|Any CPU
	EndGlobalSection
	GlobalSection(ProjectConfigurationPlatforms) = postSolution
		{31CADFF9-61CF-4D29-B565-B0408FAA696D}.Debug|Any CPU.ActiveCfg = Debug|Any CPU
		{31CADFF9-61CF-4D29-B565-B0408FAA696D}.Release|Any CPU.ActiveCfg = Release|Any CPU
	EndGlobalSection
	GlobalSection(SolutionProperties) = preSolution
		HideSolutionNode = FALSE
	EndGlobalSection
	GlobalSection(ExtensibilityGlobals) = postSolution
		SolutionGuid = {4F004FCC-1356-44E9-9BF7-744102D1F4EB}
	EndGlobalSection
EndGlobal
