
Microsoft Visual Studio Solution File, Format Version 12.00
# Visual Studio Version 17
VisualStudioVersion = 17.11.35303.130
MinimumVisualStudioVersion = 10.0.40219.1
Project("{888888A0-9F3D-457C-B088-3A5042F75D52}") = "Advent2020Day13", "Advent2020Day13.pyproj", "{F89FA7AD-7763-4929-9320-EEAF2A7F5C84}"
EndProject
Global
	GlobalSection(SolutionConfigurationPlatforms) = preSolution
		Debug|Any CPU = Debug|Any CPU
		Release|Any CPU = Release|Any CPU
	EndGlobalSection
	GlobalSection(ProjectConfigurationPlatforms) = postSolution
		{F89FA7AD-7763-4929-9320-EEAF2A7F5C84}.Debug|Any CPU.ActiveCfg = Debug|Any CPU
		{F89FA7AD-7763-4929-9320-EEAF2A7F5C84}.Release|Any CPU.ActiveCfg = Release|Any CPU
	EndGlobalSection
	GlobalSection(SolutionProperties) = preSolution
		HideSolutionNode = FALSE
	EndGlobalSection
	GlobalSection(ExtensibilityGlobals) = postSolution
		SolutionGuid = {5CA9A978-03B6-4078-80A6-BB6F1626C200}
	EndGlobalSection
EndGlobal
