
Microsoft Visual Studio Solution File, Format Version 12.00
# Visual Studio Version 17
VisualStudioVersion = 17.11.35303.130
MinimumVisualStudioVersion = 10.0.40219.1
Project("{888888A0-9F3D-457C-B088-3A5042F75D52}") = "Advent2022Day15Part2", "Advent2022Day15Part2.pyproj", "{E35245DD-3534-4B99-BFE1-CC05B4B3BAAF}"
EndProject
Global
	GlobalSection(SolutionConfigurationPlatforms) = preSolution
		Debug|Any CPU = Debug|Any CPU
		Release|Any CPU = Release|Any CPU
	EndGlobalSection
	GlobalSection(ProjectConfigurationPlatforms) = postSolution
		{E35245DD-3534-4B99-BFE1-CC05B4B3BAAF}.Debug|Any CPU.ActiveCfg = Debug|Any CPU
		{E35245DD-3534-4B99-BFE1-CC05B4B3BAAF}.Release|Any CPU.ActiveCfg = Release|Any CPU
	EndGlobalSection
	GlobalSection(SolutionProperties) = preSolution
		HideSolutionNode = FALSE
	EndGlobalSection
	GlobalSection(ExtensibilityGlobals) = postSolution
		SolutionGuid = {F193FE7F-B6CE-455B-9D4D-8CC482A7286D}
	EndGlobalSection
EndGlobal
