
Microsoft Visual Studio Solution File, Format Version 12.00
# Visual Studio Version 17
VisualStudioVersion = 17.11.35303.130
MinimumVisualStudioVersion = 10.0.40219.1
Project("{888888A0-9F3D-457C-B088-3A5042F75D52}") = "Advent2022Day11Part2", "Advent2022Day11Part2.pyproj", "{844EA788-75FE-41FE-9641-510C4311CEE3}"
EndProject
Global
	GlobalSection(SolutionConfigurationPlatforms) = preSolution
		Debug|Any CPU = Debug|Any CPU
		Release|Any CPU = Release|Any CPU
	EndGlobalSection
	GlobalSection(ProjectConfigurationPlatforms) = postSolution
		{844EA788-75FE-41FE-9641-510C4311CEE3}.Debug|Any CPU.ActiveCfg = Debug|Any CPU
		{844EA788-75FE-41FE-9641-510C4311CEE3}.Release|Any CPU.ActiveCfg = Release|Any CPU
	EndGlobalSection
	GlobalSection(SolutionProperties) = preSolution
		HideSolutionNode = FALSE
	EndGlobalSection
	GlobalSection(ExtensibilityGlobals) = postSolution
		SolutionGuid = {CAFD01A4-6B52-4810-95A9-2A99FD7C5AFD}
	EndGlobalSection
EndGlobal
