
Microsoft Visual Studio Solution File, Format Version 12.00
# Visual Studio Version 17
VisualStudioVersion = 17.11.35303.130
MinimumVisualStudioVersion = 10.0.40219.1
Project("{888888A0-9F3D-457C-B088-3A5042F75D52}") = "Advent2021Day3Part2", "Advent2021Day3Part2.pyproj", "{3F1A4593-58B7-44E8-BEEB-8C22248BC9F7}"
EndProject
Global
	GlobalSection(SolutionConfigurationPlatforms) = preSolution
		Debug|Any CPU = Debug|Any CPU
		Release|Any CPU = Release|Any CPU
	EndGlobalSection
	GlobalSection(ProjectConfigurationPlatforms) = postSolution
		{3F1A4593-58B7-44E8-BEEB-8C22248BC9F7}.Debug|Any CPU.ActiveCfg = Debug|Any CPU
		{3F1A4593-58B7-44E8-BEEB-8C22248BC9F7}.Release|Any CPU.ActiveCfg = Release|Any CPU
	EndGlobalSection
	GlobalSection(SolutionProperties) = preSolution
		HideSolutionNode = FALSE
	EndGlobalSection
	GlobalSection(ExtensibilityGlobals) = postSolution
		SolutionGuid = {C7E46A48-D66C-4303-8DC0-AE1972234D76}
	EndGlobalSection
EndGlobal
