
Microsoft Visual Studio Solution File, Format Version 12.00
# Visual Studio Version 17
VisualStudioVersion = 17.11.35303.130
MinimumVisualStudioVersion = 10.0.40219.1
Project("{888888A0-9F3D-457C-B088-3A5042F75D52}") = "Advent2016Day5", "Advent2016Day5.pyproj", "{D8B3C9D2-BF61-4FF1-B989-96C5C916582D}"
EndProject
Global
	GlobalSection(SolutionConfigurationPlatforms) = preSolution
		Debug|Any CPU = Debug|Any CPU
		Release|Any CPU = Release|Any CPU
	EndGlobalSection
	GlobalSection(ProjectConfigurationPlatforms) = postSolution
		{D8B3C9D2-BF61-4FF1-B989-96C5C916582D}.Debug|Any CPU.ActiveCfg = Debug|Any CPU
		{D8B3C9D2-BF61-4FF1-B989-96C5C916582D}.Release|Any CPU.ActiveCfg = Release|Any CPU
	EndGlobalSection
	GlobalSection(SolutionProperties) = preSolution
		HideSolutionNode = FALSE
	EndGlobalSection
	GlobalSection(ExtensibilityGlobals) = postSolution
		SolutionGuid = {C9ACA56C-DC00-49BF-ABE0-574E1CDB7AB0}
	EndGlobalSection
EndGlobal
