
Microsoft Visual Studio Solution File, Format Version 12.00
# Visual Studio Version 17
VisualStudioVersion = 17.11.35303.130
MinimumVisualStudioVersion = 10.0.40219.1
Project("{888888A0-9F3D-457C-B088-3A5042F75D52}") = "Advent2017Day14", "Advent2017Day14.pyproj", "{9BC51FF7-F594-4FB4-A741-C5C3AB959A59}"
EndProject
Global
	GlobalSection(SolutionConfigurationPlatforms) = preSolution
		Debug|Any CPU = Debug|Any CPU
		Release|Any CPU = Release|Any CPU
	EndGlobalSection
	GlobalSection(ProjectConfigurationPlatforms) = postSolution
		{9BC51FF7-F594-4FB4-A741-C5C3AB959A59}.Debug|Any CPU.ActiveCfg = Debug|Any CPU
		{9BC51FF7-F594-4FB4-A741-C5C3AB959A59}.Release|Any CPU.ActiveCfg = Release|Any CPU
	EndGlobalSection
	GlobalSection(SolutionProperties) = preSolution
		HideSolutionNode = FALSE
	EndGlobalSection
	GlobalSection(ExtensibilityGlobals) = postSolution
		SolutionGuid = {62EB40DB-FEF7-484F-8DF4-94142DE7713E}
	EndGlobalSection
EndGlobal
