
Microsoft Visual Studio Solution File, Format Version 12.00
# Visual Studio Version 17
VisualStudioVersion = 17.11.35303.130
MinimumVisualStudioVersion = 10.0.40219.1
Project("{888888A0-9F3D-457C-B088-3A5042F75D52}") = "Advent2015Day2", "Advent2015Day2.pyproj", "{B8738472-BF40-4F01-A7CC-742540580802}"
EndProject
Global
	GlobalSection(SolutionConfigurationPlatforms) = preSolution
		Debug|Any CPU = Debug|Any CPU
		Release|Any CPU = Release|Any CPU
	EndGlobalSection
	GlobalSection(ProjectConfigurationPlatforms) = postSolution
		{B8738472-BF40-4F01-A7CC-742540580802}.Debug|Any CPU.ActiveCfg = Debug|Any CPU
		{B8738472-BF40-4F01-A7CC-742540580802}.Release|Any CPU.ActiveCfg = Release|Any CPU
	EndGlobalSection
	GlobalSection(SolutionProperties) = preSolution
		HideSolutionNode = FALSE
	EndGlobalSection
	GlobalSection(ExtensibilityGlobals) = postSolution
		SolutionGuid = {94F8274B-B4AF-4F27-A3DC-7F468A00E045}
	EndGlobalSection
EndGlobal
