
Microsoft Visual Studio Solution File, Format Version 12.00
# Visual Studio Version 17
VisualStudioVersion = 17.11.35303.130
MinimumVisualStudioVersion = 10.0.40219.1
Project("{888888A0-9F3D-457C-B088-3A5042F75D52}") = "Advent2022Day24Part1", "Advent2022Day24Part1.pyproj", "{0B76D863-67FF-40BE-934F-8425F424847A}"
EndProject
Global
	GlobalSection(SolutionConfigurationPlatforms) = preSolution
		Debug|Any CPU = Debug|Any CPU
		Release|Any CPU = Release|Any CPU
	EndGlobalSection
	GlobalSection(ProjectConfigurationPlatforms) = postSolution
		{0B76D863-67FF-40BE-934F-8425F424847A}.Debug|Any CPU.ActiveCfg = Debug|Any CPU
		{0B76D863-67FF-40BE-934F-8425F424847A}.Release|Any CPU.ActiveCfg = Release|Any CPU
	EndGlobalSection
	GlobalSection(SolutionProperties) = preSolution
		HideSolutionNode = FALSE
	EndGlobalSection
	GlobalSection(ExtensibilityGlobals) = postSolution
		SolutionGuid = {374A457B-4612-4FA2-8E9C-93478D775414}
	EndGlobalSection
EndGlobal
