
Microsoft Visual Studio Solution File, Format Version 12.00
# Visual Studio Version 17
VisualStudioVersion = 17.11.35303.130
MinimumVisualStudioVersion = 10.0.40219.1
Project("{888888A0-9F3D-457C-B088-3A5042F75D52}") = "Advent2016Day12", "Advent2016Day12.pyproj", "{8AAA958A-3D3B-45D7-868E-0541E3185A67}"
EndProject
Global
	GlobalSection(SolutionConfigurationPlatforms) = preSolution
		Debug|Any CPU = Debug|Any CPU
		Release|Any CPU = Release|Any CPU
	EndGlobalSection
	GlobalSection(ProjectConfigurationPlatforms) = postSolution
		{8AAA958A-3D3B-45D7-868E-0541E3185A67}.Debug|Any CPU.ActiveCfg = Debug|Any CPU
		{8AAA958A-3D3B-45D7-868E-0541E3185A67}.Release|Any CPU.ActiveCfg = Release|Any CPU
	EndGlobalSection
	GlobalSection(SolutionProperties) = preSolution
		HideSolutionNode = FALSE
	EndGlobalSection
	GlobalSection(ExtensibilityGlobals) = postSolution
		SolutionGuid = {0DD96E9E-813B-4752-9A1E-C2C97C68DA8B}
	EndGlobalSection
EndGlobal
