
Microsoft Visual Studio Solution File, Format Version 12.00
# Visual Studio Version 17
VisualStudioVersion = 17.11.35303.130
MinimumVisualStudioVersion = 10.0.40219.1
Project("{888888A0-9F3D-457C-B088-3A5042F75D52}") = "Advent2020Day2", "Advent2020Day2.pyproj", "{76FD8C0E-A396-4BC8-B06C-AACD6DCB4E77}"
EndProject
Global
	GlobalSection(SolutionConfigurationPlatforms) = preSolution
		Debug|Any CPU = Debug|Any CPU
		Release|Any CPU = Release|Any CPU
	EndGlobalSection
	GlobalSection(ProjectConfigurationPlatforms) = postSolution
		{76FD8C0E-A396-4BC8-B06C-AACD6DCB4E77}.Debug|Any CPU.ActiveCfg = Debug|Any CPU
		{76FD8C0E-A396-4BC8-B06C-AACD6DCB4E77}.Release|Any CPU.ActiveCfg = Release|Any CPU
	EndGlobalSection
	GlobalSection(SolutionProperties) = preSolution
		HideSolutionNode = FALSE
	EndGlobalSection
	GlobalSection(ExtensibilityGlobals) = postSolution
		SolutionGuid = {C7FC6607-7E53-4A1D-B7D7-899EDF75C00D}
	EndGlobalSection
EndGlobal
