
Microsoft Visual Studio Solution File, Format Version 12.00
# Visual Studio Version 17
VisualStudioVersion = 17.11.35303.130
MinimumVisualStudioVersion = 10.0.40219.1
Project("{888888A0-9F3D-457C-B088-3A5042F75D52}") = "Advent2020Day25", "Advent2020Day25.pyproj", "{20889C7C-19A9-4F6A-AEF1-E8E8BCEC8F56}"
EndProject
Global
	GlobalSection(SolutionConfigurationPlatforms) = preSolution
		Debug|Any CPU = Debug|Any CPU
		Release|Any CPU = Release|Any CPU
	EndGlobalSection
	GlobalSection(ProjectConfigurationPlatforms) = postSolution
		{20889C7C-19A9-4F6A-AEF1-E8E8BCEC8F56}.Debug|Any CPU.ActiveCfg = Debug|Any CPU
		{20889C7C-19A9-4F6A-AEF1-E8E8BCEC8F56}.Release|Any CPU.ActiveCfg = Release|Any CPU
	EndGlobalSection
	GlobalSection(SolutionProperties) = preSolution
		HideSolutionNode = FALSE
	EndGlobalSection
	GlobalSection(ExtensibilityGlobals) = postSolution
		SolutionGuid = {9EFE5350-66A8-4ED5-B842-B5073BF59C86}
	EndGlobalSection
EndGlobal
