
Microsoft Visual Studio Solution File, Format Version 12.00
# Visual Studio Version 17
VisualStudioVersion = 17.11.35303.130
MinimumVisualStudioVersion = 10.0.40219.1
Project("{888888A0-9F3D-457C-B088-3A5042F75D52}") = "Advent2021Day2Part2", "Advent2021Day2Part2.pyproj", "{9086CB53-F127-4096-A556-73DE7CBD20EC}"
EndProject
Global
	GlobalSection(SolutionConfigurationPlatforms) = preSolution
		Debug|Any CPU = Debug|Any CPU
		Release|Any CPU = Release|Any CPU
	EndGlobalSection
	GlobalSection(ProjectConfigurationPlatforms) = postSolution
		{9086CB53-F127-4096-A556-73DE7CBD20EC}.Debug|Any CPU.ActiveCfg = Debug|Any CPU
		{9086CB53-F127-4096-A556-73DE7CBD20EC}.Release|Any CPU.ActiveCfg = Release|Any CPU
	EndGlobalSection
	GlobalSection(SolutionProperties) = preSolution
		HideSolutionNode = FALSE
	EndGlobalSection
	GlobalSection(ExtensibilityGlobals) = postSolution
		SolutionGuid = {4E0F1C72-8E2B-4EE9-A6DB-25FCF1DAC802}
	EndGlobalSection
EndGlobal
