
Microsoft Visual Studio Solution File, Format Version 12.00
# Visual Studio Version 17
VisualStudioVersion = 17.11.35303.130
MinimumVisualStudioVersion = 10.0.40219.1
Project("{888888A0-9F3D-457C-B088-3A5042F75D52}") = "Advent2020Day11", "Advent2020Day11.pyproj", "{A6F676FD-83FD-4BD4-9338-72250DA8BEC5}"
EndProject
Global
	GlobalSection(SolutionConfigurationPlatforms) = preSolution
		Debug|Any CPU = Debug|Any CPU
		Release|Any CPU = Release|Any CPU
	EndGlobalSection
	GlobalSection(ProjectConfigurationPlatforms) = postSolution
		{A6F676FD-83FD-4BD4-9338-72250DA8BEC5}.Debug|Any CPU.ActiveCfg = Debug|Any CPU
		{A6F676FD-83FD-4BD4-9338-72250DA8BEC5}.Release|Any CPU.ActiveCfg = Release|Any CPU
	EndGlobalSection
	GlobalSection(SolutionProperties) = preSolution
		HideSolutionNode = FALSE
	EndGlobalSection
	GlobalSection(ExtensibilityGlobals) = postSolution
		SolutionGuid = {F76B3D59-3769-4402-97E1-61B4C9217397}
	EndGlobalSection
EndGlobal
