
Microsoft Visual Studio Solution File, Format Version 12.00
# Visual Studio Version 17
VisualStudioVersion = 17.11.35303.130
MinimumVisualStudioVersion = 10.0.40219.1
Project("{888888A0-9F3D-457C-B088-3A5042F75D52}") = "Advent2021Day16Part1", "Advent2021Day16Part1.pyproj", "{0DFE4CED-C604-465A-AE30-E702A06B3360}"
EndProject
Global
	GlobalSection(SolutionConfigurationPlatforms) = preSolution
		Debug|Any CPU = Debug|Any CPU
		Release|Any CPU = Release|Any CPU
	EndGlobalSection
	GlobalSection(ProjectConfigurationPlatforms) = postSolution
		{0DFE4CED-C604-465A-AE30-E702A06B3360}.Debug|Any CPU.ActiveCfg = Debug|Any CPU
		{0DFE4CED-C604-465A-AE30-E702A06B3360}.Release|Any CPU.ActiveCfg = Release|Any CPU
	EndGlobalSection
	GlobalSection(SolutionProperties) = preSolution
		HideSolutionNode = FALSE
	EndGlobalSection
	GlobalSection(ExtensibilityGlobals) = postSolution
		SolutionGuid = {D0188964-6E27-4EB2-902A-D42A56B9615C}
	EndGlobalSection
EndGlobal
